<?xml version="1.0" encoding="utf-8"?>
<Project ToolsVersion="4.0" xmlns="http://schemas.microsoft.com/developer/msbuild/2003">
  <ItemGroup>
    <ClCompile Include="CaliThread.cpp">
      <Filter>Source Files</Filter>
    </ClCompile>
    <ClCompile Include="CurveDlg.cpp">
      <Filter>Source Files</Filter>
    </ClCompile>
    <ClCompile Include="DisplayIntensityThread.cpp">
      <Filter>Source Files</Filter>
    </ClCompile>
    <ClCompile Include="DisplayPhaseThread.cpp">
      <Filter>Source Files</Filter>
    </ClCompile>
    <ClCompile Include="DrawCurveThread.cpp">
      <Filter>Source Files</Filter>
    </ClCompile>
    <ClCompile Include="FFTThread.cpp">
      <Filter>Source Files</Filter>
    </ClCompile>
    <ClCompile Include="ImageWnd.cpp">
      <Filter>Source Files</Filter>
    </ClCompile>
    <ClCompile Include="ImaqThread.cpp">
      <Filter>Source Files</Filter>
    </ClCompile>
    <ClCompile Include="ImgAcq.cpp">
      <Filter>Source Files</Filter>
    </ClCompile>
    <ClCompile Include="IntensityDlg.cpp">
      <Filter>Source Files</Filter>
    </ClCompile>
    <ClCompile Include="mgmotorctrl1.cpp">
      <Filter>Source Files</Filter>
    </ClCompile>
    <ClCompile Include="OCT.cpp">
      <Filter>Source Files</Filter>
    </ClCompile>
    <ClCompile Include="OCTDlg.cpp">
      <Filter>Source Files</Filter>
    </ClCompile>
    <ClCompile Include="PhaseDlg.cpp">
      <Filter>Source Files</Filter>
    </ClCompile>
    <ClCompile Include="stdafx.cpp">
      <Filter>Source Files</Filter>
    </ClCompile>
  </ItemGroup>
  <ItemGroup>
    <ClInclude Include="CurveDlg.h">
      <Filter>Header Files</Filter>
    </ClInclude>
    <ClInclude Include="Defines.h">
      <Filter>Header Files</Filter>
    </ClInclude>
    <ClInclude Include="ImageWnd.h">
      <Filter>Header Files</Filter>
    </ClInclude>
    <ClInclude Include="ImgAcq.h">
      <Filter>Header Files</Filter>
    </ClInclude>
    <ClInclude Include="IntensityDlg.h">
      <Filter>Header Files</Filter>
    </ClInclude>
    <ClInclude Include="mgmotorctrl1.h">
      <Filter>Header Files</Filter>
    </ClInclude>
    <ClInclude Include="resource.h">
      <Filter>Header Files</Filter>
    </ClInclude>
    <ClInclude Include="stdafx.h">
      <Filter>Header Files</Filter>
    </ClInclude>
    <ClInclude Include="OCT.h">
      <Filter>Header Files</Filter>
    </ClInclude>
    <ClInclude Include="OCTDlg.h">
      <Filter>Header Files</Filter>
    </ClInclude>
    <ClInclude Include="PhaseDlg.h">
      <Filter>Header Files</Filter>
    </ClInclude>
    <ClInclude Include="ExternVariables.h">
      <Filter>Header Files</Filter>
    </ClInclude>
  </ItemGroup>
  <ItemGroup>
    <Filter Include="Header Files">
      <UniqueIdentifier>{27f86a70-8632-44d1-90c6-4b63be0953a2}</UniqueIdentifier>
    </Filter>
    <Filter Include="Source Files">
      <UniqueIdentifier>{52ff49f9-4b31-4da5-96ae-f6321211bf36}</UniqueIdentifier>
    </Filter>
    <Filter Include="Resource Files">
      <UniqueIdentifier>{dd852863-bc10-4c8e-ad36-9deea6accf02}</UniqueIdentifier>
    </Filter>
  </ItemGroup>
  <ItemGroup>
    <None Include="res\openOCT.ico">
      <Filter>Resource Files</Filter>
    </None>
    <None Include="res\ToolBar.bmp" />
    <None Include="res\OCTLAB logo.bmp" />
    <None Include="res\BloodFlow.bmp" />
    <None Include="res\Cell.bmp" />
    <None Include="res\OCTLAB.bmp" />
  </ItemGroup>
  <ItemGroup>
    <ResourceCompile Include="openOCT.rc">
      <Filter>Resource Files</Filter>
    </ResourceCompile>
  </ItemGroup>
  <ItemGroup>
    <Manifest Include="res\openOCT.manifest" />
  </ItemGroup>
</Project>